
Microsoft Visual Studio Solution File, Format Version 12.00
# Visual Studio Version 17
VisualStudioVersion = 17.0.31903.59
MinimumVisualStudioVersion = 10.0.40219.1
Project("{FAE04EC0-301F-11D3-BF4B-00C04F79EFBC}") = "Client", "Client\Client.csproj", "{50A6467E-2E75-4A81-9129-0B84A8F49AEC}"
EndProject
Project("{2150E333-8FDC-42A3-9474-1A3956D46DE8}") = "MCC73NET-CALVIN", "MCC73NET-CALVIN", "{8F93FD77-2600-4515-B011-5652F135CE81}"
EndProject
Project("{FAE04EC0-301F-11D3-BF4B-00C04F79EFBC}") = "API", "MCC73NET-CALVIN\API\API.csproj", "{79CC5EA3-2FD6-4CDE-8ACA-EC7E096659B5}"
EndProject
Global
	GlobalSection(SolutionConfigurationPlatforms) = preSolution
		Debug|Any CPU = Debug|Any CPU
		Release|Any CPU = Release|Any CPU
	EndGlobalSection
	GlobalSection(SolutionProperties) = preSolution
		HideSolutionNode = FALSE
	EndGlobalSection
	GlobalSection(ProjectConfigurationPlatforms) = postSolution
		{50A6467E-2E75-4A81-9129-0B84A8F49AEC}.Debug|Any CPU.ActiveCfg = Debug|Any CPU
		{50A6467E-2E75-4A81-9129-0B84A8F49AEC}.Debug|Any CPU.Build.0 = Debug|Any CPU
		{50A6467E-2E75-4A81-9129-0B84A8F49AEC}.Release|Any CPU.ActiveCfg = Release|Any CPU
		{50A6467E-2E75-4A81-9129-0B84A8F49AEC}.Release|Any CPU.Build.0 = Release|Any CPU
		{79CC5EA3-2FD6-4CDE-8ACA-EC7E096659B5}.Debug|Any CPU.ActiveCfg = Debug|Any CPU
		{79CC5EA3-2FD6-4CDE-8ACA-EC7E096659B5}.Debug|Any CPU.Build.0 = Debug|Any CPU
		{79CC5EA3-2FD6-4CDE-8ACA-EC7E096659B5}.Release|Any CPU.ActiveCfg = Release|Any CPU
		{79CC5EA3-2FD6-4CDE-8ACA-EC7E096659B5}.Release|Any CPU.Build.0 = Release|Any CPU
	EndGlobalSection
	GlobalSection(NestedProjects) = preSolution
		{79CC5EA3-2FD6-4CDE-8ACA-EC7E096659B5} = {8F93FD77-2600-4515-B011-5652F135CE81}
	EndGlobalSection
EndGlobal
